schema: '2.0'
stages:
  data_ingestion:
    cmd: python src/insurence_premium/pipeline/stage_01_data_ingestion.py
    deps:
    - path: config/config.yaml
      md5: 9892ecfb9d3f9c261aaa303b94ab7acc
      size: 1316
    - path: src/insurence_premium/pipeline/stage_01_data_ingestion.py
      md5: 10b9caf5585b15704039e3a487aec976
      size: 911
    outs:
    - path: artifacts/data_ingestion/raw_data
      md5: 579e0d85db825f5ae2fc76a862febdce.dir
      size: 57143
      nfiles: 1
  data_validation:
    cmd: python src/insurence_premium/pipeline/stage_02_data_validation.py
    deps:
    - path: artifacts/data_ingestion/raw_data
      md5: 579e0d85db825f5ae2fc76a862febdce.dir
      size: 57143
      nfiles: 1
    - path: config/config.yaml
      md5: 9892ecfb9d3f9c261aaa303b94ab7acc
      size: 1316
    - path: src/insurence_premium/pipeline/stage_02_data_validation.py
      md5: eb59e0f8d2ef024efba24ce0d966f7ce
      size: 781
    outs:
    - path: artifacts/data_validation
      md5: c79f5568377466a6fe9f5561a3b06f22.dir
      size: 2782114
      nfiles: 2
  data_transformation:
    cmd: python src\insurence_premium\pipeline\stage_03_data_transformation.py
    deps:
    - path: artifacts/data_ingestion/raw_data
      md5: 579e0d85db825f5ae2fc76a862febdce.dir
      size: 57143
      nfiles: 1
    - path: artifacts/data_validation
      md5: c79f5568377466a6fe9f5561a3b06f22.dir
      size: 2782114
      nfiles: 2
    - path: config/config.yaml
      md5: 9892ecfb9d3f9c261aaa303b94ab7acc
      size: 1316
    - path: config/schema.yaml
      md5: 715d245f37a77d124b7a5f4ba800b352
      size: 251
    - path: src\insurence_premium\pipeline\stage_03_data_transformation.py
      md5: 9f4cda23b66aa1600907aac8d56fd0b6
      size: 485
    outs:
    - path: artifacts/data_transformation
      md5: d7e0c3ca3800988d708a33740fa23d90.dir
      size: 132047
      nfiles: 3
  model_trainer:
    cmd: python src\insurence_premium\pipeline\stage_04_data_model_trainer.py
    deps:
    - path: artifacts/data_ingestion/raw_data
      md5: 579e0d85db825f5ae2fc76a862febdce.dir
      size: 57143
      nfiles: 1
    - path: artifacts/data_transformation
      md5: d7e0c3ca3800988d708a33740fa23d90.dir
      size: 132047
      nfiles: 3
    - path: config/config.yaml
      md5: 9892ecfb9d3f9c261aaa303b94ab7acc
      size: 1316
    - path: config/model.yaml
      md5: 744d4e4738714bac1055daa2c670a3d6
      size: 901
    - path: config/schema.yaml
      md5: 715d245f37a77d124b7a5f4ba800b352
      size: 251
    - path: src\insurence_premium\pipeline\stage_04_data_model_trainer.py
      md5: 4258ee19d1c1da2f9a1cf946fdc73d06
      size: 549
    outs:
    - path: artifacts/data_model_trainer
      md5: 62204b12151d1ce8a042de3a1f868bf5.dir
      size: 1173085
      nfiles: 1
  model_evaluation:
    cmd: python src\insurence_premium\pipeline\stage_05_model_evaluation.py
    deps:
    - path: artifacts/data_model_trainer
      md5: 62204b12151d1ce8a042de3a1f868bf5.dir
      size: 1173085
      nfiles: 1
    - path: src\insurence_premium\pipeline\stage_05_model_evaluation.py
      md5: d12b48a00053f6e49d96ff7f0d416240
      size: 507
    outs:
    - path: artifacts/data_model_evaluation
      md5: 434a34384dede91bd1b29b7c66b65413.dir
      size: 76
      nfiles: 1
  model_pusher:
    cmd: python src/insurence_premium/pipeline/stage_06_model_pusher.py
    deps:
    - path: artifacts/data_model_evaluation
      md5: 434a34384dede91bd1b29b7c66b65413.dir
      size: 76
      nfiles: 1
    - path: src/insurence_premium/pipeline/stage_06_model_pusher.py
      md5: bf72ce918b8643a5405e119f83386587
      size: 368
